
Microsoft Visual Studio Solution File, Format Version 12.00
# Visual Studio Version 17
VisualStudioVersion = 17.11.35327.3
MinimumVisualStudioVersion = 10.0.40219.1
Project("{FAE04EC0-301F-11D3-BF4B-00C04F79EFBC}") = "2_Modul_imtixon", "2_Modul_imtixon\2_Modul_imtixon.csproj", "{CA886DD9-50B4-4BD4-B6FA-CB1D86DF16DF}"
EndProject
Global
	GlobalSection(SolutionConfigurationPlatforms) = preSolution
		Debug|Any CPU = Debug|Any CPU
		Release|Any CPU = Release|Any CPU
	EndGlobalSection
	GlobalSection(ProjectConfigurationPlatforms) = postSolution
		{CA886DD9-50B4-4BD4-B6FA-CB1D86DF16DF}.Debug|Any CPU.ActiveCfg = Debug|Any CPU
		{CA886DD9-50B4-4BD4-B6FA-CB1D86DF16DF}.Debug|Any CPU.Build.0 = Debug|Any CPU
		{CA886DD9-50B4-4BD4-B6FA-CB1D86DF16DF}.Release|Any CPU.ActiveCfg = Release|Any CPU
		{CA886DD9-50B4-4BD4-B6FA-CB1D86DF16DF}.Release|Any CPU.Build.0 = Release|Any CPU
	EndGlobalSection
	GlobalSection(SolutionProperties) = preSolution
		HideSolutionNode = FALSE
	EndGlobalSection
	GlobalSection(ExtensibilityGlobals) = postSolution
		SolutionGuid = {164A4388-892E-448F-8063-578F33D0C141}
	EndGlobalSection
EndGlobal
